github.com/dave/jennifer v1.7.1 h1:B4jJJDHelWcDhlRQxWeo0Npa/pYKBLrirAQoTN45txo=
github.com/dave/jennifer v1.7.1/go.mod h1:nXbxhEmQfOZhWml3D1cDK5M1FLnMSozpbFN/m3RmGZc=
github.com/spf13/pflag v1.0.6 h1:jFzHGLGAlb3ruxLB8MhbI6A8+AQX/2eW4qeyNZXNp2o=
github.com/spf13/pflag v1.0.6/go.mod h1:McXfInJRrz4CZXVZOBLb0bTZqETkiAhM9Iw0y3An2Bg=
